
Microsoft Visual Studio Solution File, Format Version 12.00
# Visual Studio 15
VisualStudioVersion = 15.0.28307.489
MinimumVisualStudioVersion = 10.0.40219.1
Project("{FAE04EC0-301F-11D3-BF4B-00C04F79EFBC}") = "Lesson_8-SQL_ADO-NET", "Lesson_8-SQL_ADO-NET\Lesson_8-SQL_ADO-NET.csproj", "{90BF3466-5A2A-4B45-801B-FF52233F86B1}"
EndProject
Global
	GlobalSection(SolutionConfigurationPlatforms) = preSolution
		Debug|Any CPU = Debug|Any CPU
		Release|Any CPU = Release|Any CPU
	EndGlobalSection
	GlobalSection(ProjectConfigurationPlatforms) = postSolution
		{90BF3466-5A2A-4B45-801B-FF52233F86B1}.Debug|Any CPU.ActiveCfg = Debug|Any CPU
		{90BF3466-5A2A-4B45-801B-FF52233F86B1}.Debug|Any CPU.Build.0 = Debug|Any CPU
		{90BF3466-5A2A-4B45-801B-FF52233F86B1}.Release|Any CPU.ActiveCfg = Release|Any CPU
		{90BF3466-5A2A-4B45-801B-FF52233F86B1}.Release|Any CPU.Build.0 = Release|Any CPU
	EndGlobalSection
	GlobalSection(SolutionProperties) = preSolution
		HideSolutionNode = FALSE
	EndGlobalSection
	GlobalSection(ExtensibilityGlobals) = postSolution
		SolutionGuid = {835B040B-5217-4D2E-A742-CB55AF0254FF}
	EndGlobalSection
EndGlobal
